// !$*UTF8*$!
{
	archiveVersion = 1;
	classes = {
	};
	objectVersion = 46;
	objects = {

/* Begin PBXBuildFile section */
		503F758817D5B3E3002952C7 /* UIKit.framework in Frameworks */ = {isa = PBXBuildFile; fileRef = 503F758717D5B3E3002952C7 /* UIKit.framework */; };
		503F758A17D5B3E3002952C7 /* Foundation.framework in Frameworks */ = {isa = PBXBuildFile; fileRef = 503F758917D5B3E3002952C7 /* Foundation.framework */; };
		503F758C17D5B3E3002952C7 /* CoreGraphics.framework in Frameworks */ = {isa = PBXBuildFile; fileRef = 503F758B17D5B3E3002952C7 /* CoreGraphics.framework */; };
		503F759217D5B3E3002952C7 /* InfoPlist.strings in Resources */ = {isa = PBXBuildFile; fileRef = 503F759017D5B3E3002952C7 /* InfoPlist.strings */; };
		503F759417D5B3E3002952C7 /* main.m in Sources */ = {isa = PBXBuildFile; fileRef = 503F759317D5B3E3002952C7 /* main.m */; };
		503F759817D5B3E3002952C7 /* RKAppDelegate.m in Sources */ = {isa = PBXBuildFile; fileRef = 503F759717D5B3E3002952C7 /* RKAppDelegate.m */; };
		503F759A17D5B3E3002952C7 /* Default.png in Resources */ = {isa = PBXBuildFile; fileRef = 503F759917D5B3E3002952C7 /* Default.png */; };
		503F759C17D5B3E3002952C7 /* Default@2x.png in Resources */ = {isa = PBXBuildFile; fileRef = 503F759B17D5B3E3002952C7 /* Default@2x.png */; };
		503F759E17D5B3E3002952C7 /* Default-568h@2x.png in Resources */ = {isa = PBXBuildFile; fileRef = 503F759D17D5B3E3002952C7 /* Default-568h@2x.png */; };
/* End PBXBuildFile section */

/* Begin PBXFileReference section */
		503F758417D5B3E3002952C7 /* Cars.app */ = {isa = PBXFileReference; explicitFileType = wrapper.application; includeInIndex = 0; path = Cars.app; sourceTree = BUILT_PRODUCTS_DIR; };
		503F758717D5B3E3002952C7 /* UIKit.framework */ = {isa = PBXFileReference; lastKnownFileType = wrapper.framework; name = UIKit.framework; path = System/Library/Frameworks/UIKit.framework; sourceTree = SDKROOT; };
		503F758917D5B3E3002952C7 /* Foundation.framework */ = {isa = PBXFileReference; lastKnownFileType = wrapper.framework; name = Foundation.framework; path = System/Library/Frameworks/Foundation.framework; sourceTree = SDKROOT; };
		503F758B17D5B3E3002952C7 /* CoreGraphics.framework */ = {isa = PBXFileReference; lastKnownFileType = wrapper.framework; name = CoreGraphics.framework; path = System/Library/Frameworks/CoreGraphics.framework; sourceTree = SDKROOT; };
		503F758F17D5B3E3002952C7 /* Cars-Info.plist */ = {isa = PBXFileReference; lastKnownFileType = text.plist.xml; path = "Cars-Info.plist"; sourceTree = "<group>"; };
		503F759117D5B3E3002952C7 /* en */ = {isa = PBXFileReference; lastKnownFileType = text.plist.strings; name = en; path = en.lproj/InfoPlist.strings; sourceTree = "<group>"; };
		503F759317D5B3E3002952C7 /* main.m */ = {isa = PBXFileReference; lastKnownFileType = sourcecode.c.objc; path = main.m; sourceTree = "<group>"; };
		503F759517D5B3E3002952C7 /* Cars-Prefix.pch */ = {isa = PBXFileReference; lastKnownFileType = sourcecode.c.h; path = "Cars-Prefix.pch"; sourceTree = "<group>"; };
		503F759617D5B3E3002952C7 /* RKAppDelegate.h */ = {isa = PBXFileReference; lastKnownFileType = sourcecode.c.h; path = RKAppDelegate.h; sourceTree = "<group>"; };
		503F759717D5B3E3002952C7 /* RKAppDelegate.m */ = {isa = PBXFileReference; lastKnownFileType = sourcecode.c.objc; path = RKAppDelegate.m; sourceTree = "<group>"; };
		503F759917D5B3E3002952C7 /* Default.png */ = {isa = PBXFileReference; lastKnownFileType = image.png; path = Default.png; sourceTree = "<group>"; };
		503F759B17D5B3E3002952C7 /* Default@2x.png */ = {isa = PBXFileReference; lastKnownFileType = image.png; path = "Default@2x.png"; sourceTree = "<group>"; };
		503F759D17D5B3E3002952C7 /* Default-568h@2x.png */ = {isa = PBXFileReference; lastKnownFileType = image.png; path = "Default-568h@2x.png"; sourceTree = "<group>"; };
/* End PBXFileReference section */

/* Begin PBXFrameworksBuildPhase section */
		503F758117D5B3E3002952C7 /* Frameworks */ = {
			isa = PBXFrameworksBuildPhase;
			buildActionMask = 2147483647;
			files = (
				503F758817D5B3E3002952C7 /* UIKit.framework in Frameworks */,
				503F758A17D5B3E3002952C7 /* Foundation.framework in Frameworks */,
				503F758C17D5B3E3002952C7 /* CoreGraphics.framework in Frameworks */,
			);
			runOnlyForDeploymentPostprocessing = 0;
		};
/* End PBXFrameworksBuildPhase section */

/* Begin PBXGroup section */
		503F757B17D5B3E3002952C7 = {
			isa = PBXGroup;
			children = (
				503F758D17D5B3E3002952C7 /* Cars */,
				503F758617D5B3E3002952C7 /* Frameworks */,
				503F758517D5B3E3002952C7 /* Products */,
			);
			sourceTree = "<group>";
		};
		503F758517D5B3E3002952C7 /* Products */ = {
			isa = PBXGroup;
			children = (
				503F758417D5B3E3002952C7 /* Cars.app */,
			);
			name = Products;
			sourceTree = "<group>";
		};
		503F758617D5B3E3002952C7 /* Frameworks */ = {
			isa = PBXGroup;
			children = (
				503F758717D5B3E3002952C7 /* UIKit.framework */,
				503F758917D5B3E3002952C7 /* Foundation.framework */,
				503F758B17D5B3E3002952C7 /* CoreGraphics.framework */,
			);
			name = Frameworks;
			sourceTree = "<group>";
		};
		503F758D17D5B3E3002952C7 /* Cars */ = {
			isa = PBXGroup;
			children = (
				503F759617D5B3E3002952C7 /* RKAppDelegate.h */,
				503F759717D5B3E3002952C7 /* RKAppDelegate.m */,
				503F758E17D5B3E3002952C7 /* Supporting Files */,
			);
			path = Cars;
			sourceTree = "<group>";
		};
		503F758E17D5B3E3002952C7 /* Supporting Files */ = {
			isa = PBXGroup;
			children = (
				503F758F17D5B3E3002952C7 /* Cars-Info.plist */,
				503F759017D5B3E3002952C7 /* InfoPlist.strings */,
				503F759317D5B3E3002952C7 /* main.m */,
				503F759517D5B3E3002952C7 /* Cars-Prefix.pch */,
				503F759917D5B3E3002952C7 /* Default.png */,
				503F759B17D5B3E3002952C7 /* Default@2x.png */,
				503F759D17D5B3E3002952C7 /* Default-568h@2x.png */,
			);
			name = "Supporting Files";
			sourceTree = "<group>";
		};
/* End PBXGroup section */

/* Begin PBXNativeTarget section */
		503F758317D5B3E3002952C7 /* Cars */ = {
			isa = PBXNativeTarget;
			buildConfigurationList = 503F75A117D5B3E3002952C7 /* Build configuration list for PBXNativeTarget "Cars" */;
			buildPhases = (
				503F758017D5B3E3002952C7 /* Sources */,
				503F758117D5B3E3002952C7 /* Frameworks */,
				503F758217D5B3E3002952C7 /* Resources */,
			);
			buildRules = (
			);
			dependencies = (
			);
			name = Cars;
			productName = Cars;
			productReference = 503F758417D5B3E3002952C7 /* Cars.app */;
			productType = "com.apple.product-type.application";
		};
/* End PBXNativeTarget section */

/* Begin PBXProject section */
		503F757C17D5B3E3002952C7 /* Project object */ = {
			isa = PBXProject;
			attributes = {
				CLASSPREFIX = RK;
				LastUpgradeCheck = 0460;
				ORGANIZATIONNAME = Evan;
			};
			buildConfigurationList = 503F757F17D5B3E3002952C7 /* Build configuration list for PBXProject "Cars" */;
			compatibilityVersion = "Xcode 3.2";
			developmentRegion = English;
			hasScannedForEncodings = 0;
			knownRegions = (
				en,
			);
			mainGroup = 503F757B17D5B3E3002952C7;
			productRefGroup = 503F758517D5B3E3002952C7 /* Products */;
			projectDirPath = "";
			projectRoot = "";
			targets = (
				503F758317D5B3E3002952C7 /* Cars */,
			);
		};
/* End PBXProject section */

/* Begin PBXResourcesBuildPhase section */
		503F758217D5B3E3002952C7 /* Resources */ = {
			isa = PBXResourcesBuildPhase;
			buildActionMask = 2147483647;
			files = (
				503F759217D5B3E3002952C7 /* InfoPlist.strings in Resources */,
				503F759A17D5B3E3002952C7 /* Default.png in Resources */,
				503F759C17D5B3E3002952C7 /* Default@2x.png in Resources */,
				503F759E17D5B3E3002952C7 /* Default-568h@2x.png in Resources */,
			);
			runOnlyForDeploymentPostprocessing = 0;
		};
/* End PBXResourcesBuildPhase section */

/* Begin PBXSourcesBuildPhase section */
		503F758017D5B3E3002952C7 /* Sources */ = {
			isa = PBXSourcesBuildPhase;
			buildActionMask = 2147483647;
			files = (
				503F759417D5B3E3002952C7 /* main.m in Sources */,
				503F759817D5B3E3002952C7 /* RKAppDelegate.m in Sources */,
			);
			runOnlyForDeploymentPostprocessing = 0;
		};
/* End PBXSourcesBuildPhase section */

/* Begin PBXVariantGroup section */
		503F759017D5B3E3002952C7 /* InfoPlist.strings */ = {
			isa = PBXVariantGroup;
			children = (
				503F759117D5B3E3002952C7 /* en */,
			);
			name = InfoPlist.strings;
			sourceTree = "<group>";
		};
/* End PBXVariantGroup section */

/* Begin XCBuildConfiguration section */
		503F759F17D5B3E3002952C7 /* Debug */ = {
			isa = XCBuildConfiguration;
			buildSettings = {
				ALWAYS_SEARCH_USER_PATHS = NO;
				CLANG_CXX_LANGUAGE_STANDARD = "gnu++0x";
				CLANG_CXX_LIBRARY = "libc++";
				CLANG_ENABLE_OBJC_ARC = YES;
				CLANG_WARN_CONSTANT_CONVERSION = YES;
				CLANG_WARN_EMPTY_BODY = YES;
				CLANG_WARN_ENUM_CONVERSION = YES;
				CLANG_WARN_INT_CONVERSION = YES;
				CLANG_WARN__DUPLICATE_METHOD_MATCH = YES;
				"CODE_SIGN_IDENTITY[sdk=iphoneos*]" = "iPhone Developer";
				COPY_PHASE_STRIP = NO;
				GCC_C_LANGUAGE_STANDARD = gnu99;
				GCC_DYNAMIC_NO_PIC = NO;
				GCC_OPTIMIZATION_LEVEL = 0;
				GCC_PREPROCESSOR_DEFINITIONS = (
					"DEBUG=1",
					"$(inherited)",
				);
				GCC_SYMBOLS_PRIVATE_EXTERN = NO;
				GCC_WARN_ABOUT_RETURN_TYPE = YES;
				GCC_WARN_UNINITIALIZED_AUTOS = YES;
				GCC_WARN_UNUSED_VARIABLE = YES;
				IPHONEOS_DEPLOYMENT_TARGET = 6.1;
				ONLY_ACTIVE_ARCH = YES;
				SDKROOT = iphoneos;
				TARGETED_DEVICE_FAMILY = "1,2";
			};
			name = Debug;
		};
		503F75A017D5B3E3002952C7 /* Release */ = {
			isa = XCBuildConfiguration;
			buildSettings = {
				ALWAYS_SEARCH_USER_PATHS = NO;
				CLANG_CXX_LANGUAGE_STANDARD = "gnu++0x";
				CLANG_CXX_LIBRARY = "libc++";
				CLANG_ENABLE_OBJC_ARC = YES;
				CLANG_WARN_CONSTANT_CONVERSION = YES;
				CLANG_WARN_EMPTY_BODY = YES;
				CLANG_WARN_ENUM_CONVERSION = YES;
				CLANG_WARN_INT_CONVERSION = YES;
				CLANG_WARN__DUPLICATE_METHOD_MATCH = YES;
				"CODE_SIGN_IDENTITY[sdk=iphoneos*]" = "iPhone Developer";
				COPY_PHASE_STRIP = YES;
				GCC_C_LANGUAGE_STANDARD = gnu99;
				GCC_WARN_ABOUT_RETURN_TYPE = YES;
				GCC_WARN_UNINITIALIZED_AUTOS = YES;
				GCC_WARN_UNUSED_VARIABLE = YES;
				IPHONEOS_DEPLOYMENT_TARGET = 6.1;
				OTHER_CFLAGS = "-DNS_BLOCK_ASSERTIONS=1";
				SDKROOT = iphoneos;
				TARGETED_DEVICE_FAMILY = "1,2";
				VALIDATE_PRODUCT = YES;
			};
			name = Release;
		};
		503F75A217D5B3E3002952C7 /* Debug */ = {
			isa = XCBuildConfiguration;
			buildSettings = {
				GCC_PRECOMPILE_PREFIX_HEADER = YES;
				GCC_PREFIX_HEADER = "Cars/Cars-Prefix.pch";
				INFOPLIST_FILE = "Cars/Cars-Info.plist";
				PRODUCT_NAME = "$(TARGET_NAME)";
				WRAPPER_EXTENSION = app;
			};
			name = Debug;
		};
		503F75A317D5B3E3002952C7 /* Release */ = {
			isa = XCBuildConfiguration;
			buildSettings = {
				GCC_PRECOMPILE_PREFIX_HEADER = YES;
				GCC_PREFIX_HEADER = "Cars/Cars-Prefix.pch";
				INFOPLIST_FILE = "Cars/Cars-Info.plist";
				PRODUCT_NAME = "$(TARGET_NAME)";
				WRAPPER_EXTENSION = app;
			};
			name = Release;
		};
/* End XCBuildConfiguration section */

/* Begin XCConfigurationList section */
		503F757F17D5B3E3002952C7 /* Build configuration list for PBXProject "Cars" */ = {
			isa = XCConfigurationList;
			buildConfigurations = (
				503F759F17D5B3E3002952C7 /* Debug */,
				503F75A017D5B3E3002952C7 /* Release */,
			);
			defaultConfigurationIsVisible = 0;
			defaultConfigurationName = Release;
		};
		503F75A117D5B3E3002952C7 /* Build configuration list for PBXNativeTarget "Cars" */ = {
			isa = XCConfigurationList;
			buildConfigurations = (
				503F75A217D5B3E3002952C7 /* Debug */,
				503F75A317D5B3E3002952C7 /* Release */,
			);
			defaultConfigurationIsVisible = 0;
		};
/* End XCConfigurationList section */
	};
	rootObject = 503F757C17D5B3E3002952C7 /* Project object */;
}
